
Microsoft Visual Studio Solution File, Format Version 12.00
# Visual Studio Version 17
VisualStudioVersion = 17.10.34814.14
MinimumVisualStudioVersion = 10.0.40219.1
Project("{FAE04EC0-301F-11D3-BF4B-00C04F79EFBC}") = "SqldbDeployUsingEntraFed", "SqldbDeployUsingEntraFed\SqldbDeployUsingEntraFed.csproj", "{E0B2080E-B848-49D8-BC78-260F345B9900}"
EndProject
Global
	GlobalSection(SolutionConfigurationPlatforms) = preSolution
		Debug|Any CPU = Debug|Any CPU
		Release|Any CPU = Release|Any CPU
	EndGlobalSection
	GlobalSection(ProjectConfigurationPlatforms) = postSolution
		{E0B2080E-B848-49D8-BC78-260F345B9900}.Debug|Any CPU.ActiveCfg = Debug|Any CPU
		{E0B2080E-B848-49D8-BC78-260F345B9900}.Debug|Any CPU.Build.0 = Debug|Any CPU
		{E0B2080E-B848-49D8-BC78-260F345B9900}.Release|Any CPU.ActiveCfg = Release|Any CPU
		{E0B2080E-B848-49D8-BC78-260F345B9900}.Release|Any CPU.Build.0 = Release|Any CPU
	EndGlobalSection
	GlobalSection(SolutionProperties) = preSolution
		HideSolutionNode = FALSE
	EndGlobalSection
	GlobalSection(ExtensibilityGlobals) = postSolution
		SolutionGuid = {1225D8ED-C3EA-443B-BE0A-5D9301BD7BA7}
	EndGlobalSection
EndGlobal
